<?xml version="1.0" encoding="utf-8"?>
<Project ToolsVersion="4.0" xmlns="http://schemas.microsoft.com/developer/msbuild/2003">
  <ItemGroup>
    <Filter Include="Source Files">
      <UniqueIdentifier>{4FC737F1-C7A5-4376-A066-2A32D752A2FF}</UniqueIdentifier>
      <Extensions>cpp;c;cc;cxx;c++;cppm;ixx;def;odl;idl;hpj;bat;asm;asmx</Extensions>
    </Filter>
    <Filter Include="Header Files">
      <UniqueIdentifier>{93995380-89BD-4b04-88EB-625FBE52EBFB}</UniqueIdentifier>
      <Extensions>h;hh;hpp;hxx;h++;hm;inl;inc;ipp;xsd</Extensions>
    </Filter>
    <Filter Include="Resource Files">
      <UniqueIdentifier>{67DA6AB6-F800-4c08-8B7A-83BB121AAD01}</UniqueIdentifier>
      <Extensions>rc;ico;cur;bmp;dlg;rc2;rct;bin;rgs;gif;jpg;jpeg;jpe;resx;tiff;tif;png;wav;mfcribbon-ms</Extensions>
    </Filter>
    <Filter Include="DataStructures">
      <UniqueIdentifier>{5ef11f3e-ddf2-489d-a9ab-258c4ae6166c}</UniqueIdentifier>
    </Filter>
    <Filter Include="DataStructures\Interafces">
      <UniqueIdentifier>{f3b07ffd-33f5-4faf-a7e8-f817055b413a}</UniqueIdentifier>
    </Filter>
    <Filter Include="DataStructures\Implementations">
      <UniqueIdentifier>{a5ca1b9e-9084-4d65-bbce-499bb519fb13}</UniqueIdentifier>
    </Filter>
    <Filter Include="Event Classes">
      <UniqueIdentifier>{89e613fe-bb9d-4263-a3d9-9bf5880672b3}</UniqueIdentifier>
    </Filter>
    <Filter Include="Mission Classes">
      <UniqueIdentifier>{67fe3b8f-4004-4b03-b127-da2dd3541f09}</UniqueIdentifier>
    </Filter>
  </ItemGroup>
  <ItemGroup>
    <ClInclude Include="LinkedList.h">
      <Filter>DataStructures\Implementations</Filter>
    </ClInclude>
    <ClInclude Include="LinkedQueue.h">
      <Filter>DataStructures\Implementations</Filter>
    </ClInclude>
    <ClInclude Include="PriorityQueue.h">
      <Filter>DataStructures\Implementations</Filter>
    </ClInclude>
    <ClInclude Include="QueueADT.h">
      <Filter>DataStructures\Interafces</Filter>
    </ClInclude>
    <ClInclude Include="ListADT.h">
      <Filter>DataStructures\Interafces</Filter>
    </ClInclude>
    <ClInclude Include="Event.h">
      <Filter>Event Classes</Filter>
    </ClInclude>
    <ClInclude Include="FormulationEvent.h">
      <Filter>Event Classes</Filter>
    </ClInclude>
    <ClInclude Include="CancelEvent.h">
      <Filter>Event Classes</Filter>
    </ClInclude>
    <ClInclude Include="PromoteEvent.h">
      <Filter>Event Classes</Filter>
    </ClInclude>
    <ClInclude Include="Node.h">
      <Filter>DataStructures\Implementations</Filter>
    </ClInclude>
    <ClInclude Include="PNode.h">
      <Filter>DataStructures\Implementations</Filter>
    </ClInclude>
    <ClInclude Include="Mission.h">
      <Filter>Mission Classes</Filter>
    </ClInclude>
  </ItemGroup>
  <ItemGroup>
    <ClCompile Include="Main.cpp">
      <Filter>Source Files</Filter>
    </ClCompile>
  </ItemGroup>
</Project>