<?xml version="1.0" encoding="utf-8"?>
<Project ToolsVersion="4.0" xmlns="http://schemas.microsoft.com/developer/msbuild/2003">
  <ItemGroup>
    <Filter Include="Source Files">
      <UniqueIdentifier>{4FC737F1-C7A5-4376-A066-2A32D752A2FF}</UniqueIdentifier>
      <Extensions>cpp;c;cc;cxx;c++;cppm;ixx;def;odl;idl;hpj;bat;asm;asmx</Extensions>
    </Filter>
    <Filter Include="Header Files">
      <UniqueIdentifier>{93995380-89BD-4b04-88EB-625FBE52EBFB}</UniqueIdentifier>
      <Extensions>h;hh;hpp;hxx;h++;hm;inl;inc;ipp;xsd</Extensions>
    </Filter>
    <Filter Include="Resource Files">
      <UniqueIdentifier>{67DA6AB6-F800-4c08-8B7A-83BB121AAD01}</UniqueIdentifier>
      <Extensions>rc;ico;cur;bmp;dlg;rc2;rct;bin;rgs;gif;jpg;jpeg;jpe;resx;tiff;tif;png;wav;mfcribbon-ms</Extensions>
    </Filter>
    <Filter Include="DataStructures">
      <UniqueIdentifier>{14b502a3-bf70-42c6-aa0e-2a3bfa6a0cf1}</UniqueIdentifier>
    </Filter>
    <Filter Include="DataStructures\Interfaces">
      <UniqueIdentifier>{a919913e-ec9a-4457-a3ba-5234d0de695c}</UniqueIdentifier>
    </Filter>
    <Filter Include="DataStructures\Implemention">
      <UniqueIdentifier>{cf02ad01-0eab-4934-b2c4-2db5ecc6c459}</UniqueIdentifier>
    </Filter>
    <Filter Include="Rovers Classes">
      <UniqueIdentifier>{458a120e-d58f-41ec-a7d6-00711a0e230f}</UniqueIdentifier>
    </Filter>
    <Filter Include="Missions Classes">
      <UniqueIdentifier>{091d00e5-6ac5-46a8-9301-980f32c4a1fd}</UniqueIdentifier>
    </Filter>
    <Filter Include="Events Classes">
      <UniqueIdentifier>{18209718-3ca5-4741-8c5e-a0ee15c987d7}</UniqueIdentifier>
    </Filter>
    <Filter Include="MarsStation">
      <UniqueIdentifier>{490ab110-54d2-47f9-b4d4-8889961ad9cc}</UniqueIdentifier>
    </Filter>
    <Filter Include="UI Class">
      <UniqueIdentifier>{79e97b6d-525f-4079-b7aa-48467b8120e6}</UniqueIdentifier>
    </Filter>
  </ItemGroup>
  <ItemGroup>
    <ClInclude Include="QueueADT.h">
      <Filter>DataStructures\Interfaces</Filter>
    </ClInclude>
    <ClInclude Include="ListADT.h">
      <Filter>DataStructures\Interfaces</Filter>
    </ClInclude>
    <ClInclude Include="Node.h">
      <Filter>DataStructures\Implemention</Filter>
    </ClInclude>
    <ClInclude Include="PNode.h">
      <Filter>DataStructures\Implemention</Filter>
    </ClInclude>
    <ClInclude Include="PriorityQueue.h">
      <Filter>DataStructures\Implemention</Filter>
    </ClInclude>
    <ClInclude Include="LinkedQueue.h">
      <Filter>DataStructures\Implemention</Filter>
    </ClInclude>
    <ClInclude Include="LinkedList.h">
      <Filter>DataStructures\Implemention</Filter>
    </ClInclude>
    <ClInclude Include="Rover.h">
      <Filter>Rovers Classes</Filter>
    </ClInclude>
    <ClInclude Include="Mission.h">
      <Filter>Missions Classes</Filter>
    </ClInclude>
    <ClInclude Include="FormulationEvent.h">
      <Filter>Events Classes</Filter>
    </ClInclude>
    <ClInclude Include="Event.h">
      <Filter>Events Classes</Filter>
    </ClInclude>
    <ClInclude Include="PromoteEvent.h">
      <Filter>Events Classes</Filter>
    </ClInclude>
    <ClInclude Include="CancelEvent.h">
      <Filter>Events Classes</Filter>
    </ClInclude>
    <ClInclude Include="MarsStation.h">
      <Filter>MarsStation</Filter>
    </ClInclude>
    <ClInclude Include="PrioQueueADT.h">
      <Filter>DataStructures\Interfaces</Filter>
    </ClInclude>
    <ClInclude Include="UI.h">
      <Filter>UI Class</Filter>
    </ClInclude>
  </ItemGroup>
  <ItemGroup>
    <ClCompile Include="Main.cpp">
      <Filter>Source Files</Filter>
    </ClCompile>
    <ClCompile Include="Rover.cpp">
      <Filter>Rovers Classes</Filter>
    </ClCompile>
    <ClCompile Include="Mission.cpp">
      <Filter>Missions Classes</Filter>
    </ClCompile>
    <ClCompile Include="Event.cpp">
      <Filter>Events Classes</Filter>
    </ClCompile>
    <ClCompile Include="CancelEvent.cpp">
      <Filter>Events Classes</Filter>
    </ClCompile>
    <ClCompile Include="FormulationEvent.cpp">
      <Filter>Events Classes</Filter>
    </ClCompile>
    <ClCompile Include="PromoteEvent.cpp">
      <Filter>Events Classes</Filter>
    </ClCompile>
    <ClCompile Include="MarsStation.cpp">
      <Filter>MarsStation</Filter>
    </ClCompile>
    <ClCompile Include="UI.cpp">
      <Filter>UI Class</Filter>
    </ClCompile>
  </ItemGroup>
</Project>